
Microsoft Visual Studio Solution File, Format Version 12.00
# Visual Studio Version 17
VisualStudioVersion = 17.12.35527.113 d17.12
MinimumVisualStudioVersion = 10.0.40219.1
Project("{FAE04EC0-301F-11D3-BF4B-00C04F79EFBC}") = "Shared.Model", "Shared.Model\Shared.Model.csproj", "{8677F8FB-507E-4798-BF24-8C7F28E889B4}"
EndProject
Project("{FAE04EC0-301F-11D3-BF4B-00C04F79EFBC}") = "PaymentPublisher", "PaymentPublisher\PaymentPublisher.csproj", "{255D932D-076A-42E9-BFD7-4B482ECDAA1D}"
EndProject
Project("{FAE04EC0-301F-11D3-BF4B-00C04F79EFBC}") = "PaymentConsumer", "PaymentConsumer\PaymentConsumer.csproj", "{5EBB0B0F-7250-44F4-A16A-EC85BEB77E2E}"
EndProject
Global
	GlobalSection(SolutionConfigurationPlatforms) = preSolution
		Debug|Any CPU = Debug|Any CPU
		Release|Any CPU = Release|Any CPU
	EndGlobalSection
	GlobalSection(ProjectConfigurationPlatforms) = postSolution
		{8677F8FB-507E-4798-BF24-8C7F28E889B4}.Debug|Any CPU.ActiveCfg = Debug|Any CPU
		{8677F8FB-507E-4798-BF24-8C7F28E889B4}.Debug|Any CPU.Build.0 = Debug|Any CPU
		{8677F8FB-507E-4798-BF24-8C7F28E889B4}.Release|Any CPU.ActiveCfg = Release|Any CPU
		{8677F8FB-507E-4798-BF24-8C7F28E889B4}.Release|Any CPU.Build.0 = Release|Any CPU
		{255D932D-076A-42E9-BFD7-4B482ECDAA1D}.Debug|Any CPU.ActiveCfg = Debug|Any CPU
		{255D932D-076A-42E9-BFD7-4B482ECDAA1D}.Debug|Any CPU.Build.0 = Debug|Any CPU
		{255D932D-076A-42E9-BFD7-4B482ECDAA1D}.Release|Any CPU.ActiveCfg = Release|Any CPU
		{255D932D-076A-42E9-BFD7-4B482ECDAA1D}.Release|Any CPU.Build.0 = Release|Any CPU
		{5EBB0B0F-7250-44F4-A16A-EC85BEB77E2E}.Debug|Any CPU.ActiveCfg = Debug|Any CPU
		{5EBB0B0F-7250-44F4-A16A-EC85BEB77E2E}.Debug|Any CPU.Build.0 = Debug|Any CPU
		{5EBB0B0F-7250-44F4-A16A-EC85BEB77E2E}.Release|Any CPU.ActiveCfg = Release|Any CPU
		{5EBB0B0F-7250-44F4-A16A-EC85BEB77E2E}.Release|Any CPU.Build.0 = Release|Any CPU
	EndGlobalSection
	GlobalSection(SolutionProperties) = preSolution
		HideSolutionNode = FALSE
	EndGlobalSection
	GlobalSection(ExtensibilityGlobals) = postSolution
		SolutionGuid = {7D14FBE6-4EA7-46A7-A428-FD329C8E1F6F}
	EndGlobalSection
EndGlobal
